// !$*UTF8*$!
{
	archiveVersion = 1;
	classes = {
	};
	objectVersion = 77;
	objects = {

/* Begin PBXContainerItemProxy section */
		C9776F242CAE09E200A5FE9F /* PBXContainerItemProxy */ = {
			isa = PBXContainerItemProxy;
			containerPortal = C9776F052CAE09E000A5FE9F /* Project object */;
			proxyType = 1;
			remoteGlobalIDString = C9776F0C2CAE09E000A5FE9F;
			remoteInfo = AmazonAppAssignment;
		};
		C9776F2E2CAE09E200A5FE9F /* PBXContainerItemProxy */ = {
			isa = PBXContainerItemProxy;
			containerPortal = C9776F052CAE09E000A5FE9F /* Project object */;
			proxyType = 1;
			remoteGlobalIDString = C9776F0C2CAE09E000A5FE9F;
			remoteInfo = AmazonAppAssignment;
		};
/* End PBXContainerItemProxy section */

/* Begin PBXFileReference section */
		C9776F0D2CAE09E000A5FE9F /* AmazonAppAssignment.app */ = {isa = PBXFileReference; explicitFileType = wrapper.application; includeInIndex = 0; path = AmazonAppAssignment.app; sourceTree = BUILT_PRODUCTS_DIR; };
		C9776F232CAE09E200A5FE9F /* AmazonAppAssignmentTests.xctest */ = {isa = PBXFileReference; explicitFileType = wrapper.cfbundle; includeInIndex = 0; path = AmazonAppAssignmentTests.xctest; sourceTree = BUILT_PRODUCTS_DIR; };
		C9776F2D2CAE09E200A5FE9F /* AmazonAppAssignmentUITests.xctest */ = {isa = PBXFileReference; explicitFileType = wrapper.cfbundle; includeInIndex = 0; path = AmazonAppAssignmentUITests.xctest; sourceTree = BUILT_PRODUCTS_DIR; };
/* End PBXFileReference section */

/* Begin PBXFileSystemSynchronizedBuildFileExceptionSet section */
		C9776F352CAE09E200A5FE9F /* Exceptions for "AmazonAppAssignment" folder in "AmazonAppAssignment" target */ = {
			isa = PBXFileSystemSynchronizedBuildFileExceptionSet;
			membershipExceptions = (
				Info.plist,
			);
			target = C9776F0C2CAE09E000A5FE9F /* AmazonAppAssignment */;
		};
/* End PBXFileSystemSynchronizedBuildFileExceptionSet section */

/* Begin PBXFileSystemSynchronizedRootGroup section */
		C9776F0F2CAE09E000A5FE9F /* AmazonAppAssignment */ = {
			isa = PBXFileSystemSynchronizedRootGroup;
			exceptions = (
				C9776F352CAE09E200A5FE9F /* Exceptions for "AmazonAppAssignment" folder in "AmazonAppAssignment" target */,
			);
			explicitFileTypes = {
				ObjectiveC/MainViewController.m = sourcecode.c;
			};
			path = AmazonAppAssignment;
			sourceTree = "<group>";
		};
		C9776F262CAE09E200A5FE9F /* AmazonAppAssignmentTests */ = {
			isa = PBXFileSystemSynchronizedRootGroup;
			path = AmazonAppAssignmentTests;
			sourceTree = "<group>";
		};
/* End PBXFileSystemSynchronizedRootGroup section */

/* Begin PBXFrameworksBuildPhase section */
		C9776F0A2CAE09E000A5FE9F /* Frameworks */ = {
			isa = PBXFrameworksBuildPhase;
			buildActionMask = 2147483647;
			files = (
			);
			runOnlyForDeploymentPostprocessing = 0;
		};
		C9776F202CAE09E200A5FE9F /* Frameworks */ = {
			isa = PBXFrameworksBuildPhase;
			buildActionMask = 2147483647;
			files = (
			);
			runOnlyForDeploymentPostprocessing = 0;
		};
		C9776F2A2CAE09E200A5FE9F /* Frameworks */ = {
			isa = PBXFrameworksBuildPhase;
			buildActionMask = 2147483647;
			files = (
			);
			runOnlyForDeploymentPostprocessing = 0;
		};
/* End PBXFrameworksBuildPhase section */

/* Begin PBXGroup section */
		C9776F042CAE09E000A5FE9F = {
			isa = PBXGroup;
			children = (
				C9776F0F2CAE09E000A5FE9F /* AmazonAppAssignment */,
				C9776F262CAE09E200A5FE9F /* AmazonAppAssignmentTests */,
				C9776F0E2CAE09E000A5FE9F /* Products */,
			);
			sourceTree = "<group>";
		};
		C9776F0E2CAE09E000A5FE9F /* Products */ = {
			isa = PBXGroup;
			children = (
				C9776F0D2CAE09E000A5FE9F /* AmazonAppAssignment.app */,
				C9776F232CAE09E200A5FE9F /* AmazonAppAssignmentTests.xctest */,
				C9776F2D2CAE09E200A5FE9F /* AmazonAppAssignmentUITests.xctest */,
			);
			name = Products;
			sourceTree = "<group>";
		};
/* End PBXGroup section */

/* Begin PBXNativeTarget section */
		C9776F0C2CAE09E000A5FE9F /* AmazonAppAssignment */ = {
			isa = PBXNativeTarget;
			buildConfigurationList = C9776F362CAE09E200A5FE9F /* Build configuration list for PBXNativeTarget "AmazonAppAssignment" */;
			buildPhases = (
				C9776F092CAE09E000A5FE9F /* Sources */,
				C9776F0A2CAE09E000A5FE9F /* Frameworks */,
				C9776F0B2CAE09E000A5FE9F /* Resources */,
			);
			buildRules = (
			);
			dependencies = (
			);
			fileSystemSynchronizedGroups = (
				C9776F0F2CAE09E000A5FE9F /* AmazonAppAssignment */,
			);
			name = AmazonAppAssignment;
			packageProductDependencies = (
			);
			productName = AmazonAppAssignment;
			productReference = C9776F0D2CAE09E000A5FE9F /* AmazonAppAssignment.app */;
			productType = "com.apple.product-type.application";
		};
		C9776F222CAE09E200A5FE9F /* AmazonAppAssignmentTests */ = {
			isa = PBXNativeTarget;
			buildConfigurationList = C9776F3B2CAE09E200A5FE9F /* Build configuration list for PBXNativeTarget "AmazonAppAssignmentTests" */;
			buildPhases = (
				C9776F1F2CAE09E200A5FE9F /* Sources */,
				C9776F202CAE09E200A5FE9F /* Frameworks */,
				C9776F212CAE09E200A5FE9F /* Resources */,
			);
			buildRules = (
			);
			dependencies = (
				C9776F252CAE09E200A5FE9F /* PBXTargetDependency */,
			);
			fileSystemSynchronizedGroups = (
				C9776F262CAE09E200A5FE9F /* AmazonAppAssignmentTests */,
			);
			name = AmazonAppAssignmentTests;
			packageProductDependencies = (
			);
			productName = AmazonAppAssignmentTests;
			productReference = C9776F232CAE09E200A5FE9F /* AmazonAppAssignmentTests.xctest */;
			productType = "com.apple.product-type.bundle.unit-test";
		};
		C9776F2C2CAE09E200A5FE9F /* AmazonAppAssignmentUITests */ = {
			isa = PBXNativeTarget;
			buildConfigurationList = C9776F3E2CAE09E200A5FE9F /* Build configuration list for PBXNativeTarget "AmazonAppAssignmentUITests" */;
			buildPhases = (
				C9776F292CAE09E200A5FE9F /* Sources */,
				C9776F2A2CAE09E200A5FE9F /* Frameworks */,
				C9776F2B2CAE09E200A5FE9F /* Resources */,
			);
			buildRules = (
			);
			dependencies = (
				C9776F2F2CAE09E200A5FE9F /* PBXTargetDependency */,
			);
			name = AmazonAppAssignmentUITests;
			packageProductDependencies = (
			);
			productName = AmazonAppAssignmentUITests;
			productReference = C9776F2D2CAE09E200A5FE9F /* AmazonAppAssignmentUITests.xctest */;
			productType = "com.apple.product-type.bundle.ui-testing";
		};
/* End PBXNativeTarget section */

/* Begin PBXProject section */
		C9776F052CAE09E000A5FE9F /* Project object */ = {
			isa = PBXProject;
			attributes = {
				BuildIndependentTargetsInParallel = 1;
				LastSwiftUpdateCheck = 1600;
				LastUpgradeCheck = 1600;
				TargetAttributes = {
					C9776F0C2CAE09E000A5FE9F = {
						CreatedOnToolsVersion = 16.0;
					};
					C9776F222CAE09E200A5FE9F = {
						CreatedOnToolsVersion = 16.0;
						TestTargetID = C9776F0C2CAE09E000A5FE9F;
					};
					C9776F2C2CAE09E200A5FE9F = {
						CreatedOnToolsVersion = 16.0;
						TestTargetID = C9776F0C2CAE09E000A5FE9F;
					};
				};
			};
			buildConfigurationList = C9776F082CAE09E000A5FE9F /* Build configuration list for PBXProject "AmazonAppAssignment" */;
			developmentRegion = en;
			hasScannedForEncodings = 0;
			knownRegions = (
				en,
				Base,
			);
			mainGroup = C9776F042CAE09E000A5FE9F;
			minimizedProjectReferenceProxies = 1;
			preferredProjectObjectVersion = 77;
			productRefGroup = C9776F0E2CAE09E000A5FE9F /* Products */;
			projectDirPath = "";
			projectRoot = "";
			targets = (
				C9776F0C2CAE09E000A5FE9F /* AmazonAppAssignment */,
				C9776F222CAE09E200A5FE9F /* AmazonAppAssignmentTests */,
				C9776F2C2CAE09E200A5FE9F /* AmazonAppAssignmentUITests */,
			);
		};
/* End PBXProject section */

/* Begin PBXResourcesBuildPhase section */
		C9776F0B2CAE09E000A5FE9F /* Resources */ = {
			isa = PBXResourcesBuildPhase;
			buildActionMask = 2147483647;
			files = (
			);
			runOnlyForDeploymentPostprocessing = 0;
		};
		C9776F212CAE09E200A5FE9F /* Resources */ = {
			isa = PBXResourcesBuildPhase;
			buildActionMask = 2147483647;
			files = (
			);
			runOnlyForDeploymentPostprocessing = 0;
		};
		C9776F2B2CAE09E200A5FE9F /* Resources */ = {
			isa = PBXResourcesBuildPhase;
			buildActionMask = 2147483647;
			files = (
			);
			runOnlyForDeploymentPostprocessing = 0;
		};
/* End PBXResourcesBuildPhase section */

/* Begin PBXSourcesBuildPhase section */
		C9776F092CAE09E000A5FE9F /* Sources */ = {
			isa = PBXSourcesBuildPhase;
			buildActionMask = 2147483647;
			files = (
			);
			runOnlyForDeploymentPostprocessing = 0;
		};
		C9776F1F2CAE09E200A5FE9F /* Sources */ = {
			isa = PBXSourcesBuildPhase;
			buildActionMask = 2147483647;
			files = (
			);
			runOnlyForDeploymentPostprocessing = 0;
		};
		C9776F292CAE09E200A5FE9F /* Sources */ = {
			isa = PBXSourcesBuildPhase;
			buildActionMask = 2147483647;
			files = (
			);
			runOnlyForDeploymentPostprocessing = 0;
		};
/* End PBXSourcesBuildPhase section */

/* Begin PBXTargetDependency section */
		C9776F252CAE09E200A5FE9F /* PBXTargetDependency */ = {
			isa = PBXTargetDependency;
			target = C9776F0C2CAE09E000A5FE9F /* AmazonAppAssignment */;
			targetProxy = C9776F242CAE09E200A5FE9F /* PBXContainerItemProxy */;
		};
		C9776F2F2CAE09E200A5FE9F /* PBXTargetDependency */ = {
			isa = PBXTargetDependency;
			target = C9776F0C2CAE09E000A5FE9F /* AmazonAppAssignment */;
			targetProxy = C9776F2E2CAE09E200A5FE9F /* PBXContainerItemProxy */;
		};
/* End PBXTargetDependency section */

/* Begin XCBuildConfiguration section */
		C9776F372CAE09E200A5FE9F /* Debug */ = {
			isa = XCBuildConfiguration;
			buildSettings = {
				ASSETCATALOG_COMPILER_APPICON_NAME = AppIcon;
				ASSETCATALOG_COMPILER_GLOBAL_ACCENT_COLOR_NAME = AccentColor;
				CODE_SIGN_STYLE = Automatic;
				CURRENT_PROJECT_VERSION = 1;
				GENERATE_INFOPLIST_FILE = YES;
				INFOPLIST_FILE = AmazonAppAssignment/Info.plist;
				INFOPLIST_KEY_UIApplicationSupportsIndirectInputEvents = YES;
				INFOPLIST_KEY_UILaunchStoryboardName = LaunchScreen;
				INFOPLIST_KEY_UIMainStoryboardFile = Main;
				INFOPLIST_KEY_UISupportedInterfaceOrientations_iPad = "UIInterfaceOrientationPortrait UIInterfaceOrientationPortraitUpsideDown UIInterfaceOrientationLandscapeLeft UIInterfaceOrientationLandscapeRight";
				INFOPLIST_KEY_UISupportedInterfaceOrientations_iPhone = "UIInterfaceOrientationPortrait UIInterfaceOrientationLandscapeLeft UIInterfaceOrientationLandscapeRight";
				LD_RUNPATH_SEARCH_PATHS = (
					"$(inherited)",
					"@executable_path/Frameworks",
				);
				MARKETING_VERSION = 1.0;
				PRODUCT_BUNDLE_IDENTIFIER = nehaljhala.com.AmazonAppAssignment;
				PRODUCT_NAME = "$(TARGET_NAME)";
				SWIFT_EMIT_LOC_STRINGS = YES;
				SWIFT_VERSION = 5.0;
				TARGETED_DEVICE_FAMILY = "1,2";
			};
			name = Debug;
		};
		C9776F382CAE09E200A5FE9F /* Release */ = {
			isa = XCBuildConfiguration;
			buildSettings = {
				ASSETCATALOG_COMPILER_APPICON_NAME = AppIcon;
				ASSETCATALOG_COMPILER_GLOBAL_ACCENT_COLOR_NAME = AccentColor;
				CODE_SIGN_STYLE = Automatic;
				CURRENT_PROJECT_VERSION = 1;
				GENERATE_INFOPLIST_FILE = YES;
				INFOPLIST_FILE = AmazonAppAssignment/Info.plist;
				INFOPLIST_KEY_UIApplicationSupportsIndirectInputEvents = YES;
				INFOPLIST_KEY_UILaunchStoryboardName = LaunchScreen;
				INFOPLIST_KEY_UIMainStoryboardFile = Main;
				INFOPLIST_KEY_UISupportedInterfaceOrientations_iPad = "UIInterfaceOrientationPortrait UIInterfaceOrientationPortraitUpsideDown UIInterfaceOrientationLandscapeLeft UIInterfaceOrientationLandscapeRight";
				INFOPLIST_KEY_UISupportedInterfaceOrientations_iPhone = "UIInterfaceOrientationPortrait UIInterfaceOrientationLandscapeLeft UIInterfaceOrientationLandscapeRight";
				LD_RUNPATH_SEARCH_PATHS = (
					"$(inherited)",
					"@executable_path/Frameworks",
				);
				MARKETING_VERSION = 1.0;
				PRODUCT_BUNDLE_IDENTIFIER = nehaljhala.com.AmazonAppAssignment;
				PRODUCT_NAME = "$(TARGET_NAME)";
				SWIFT_EMIT_LOC_STRINGS = YES;
				SWIFT_VERSION = 5.0;
				TARGETED_DEVICE_FAMILY = "1,2";
			};
			name = Release;
		};
		C9776F392CAE09E200A5FE9F /* Debug */ = {
			isa = XCBuildConfiguration;
			buildSettings = {
				ALWAYS_SEARCH_USER_PATHS = NO;
				ASSETCATALOG_COMPILER_GENERATE_SWIFT_ASSET_SYMBOL_EXTENSIONS = YES;
				CLANG_ANALYZER_NONNULL = YES;
				CLANG_ANALYZER_NUMBER_OBJECT_CONVERSION = YES_AGGRESSIVE;
				CLANG_CXX_LANGUAGE_STANDARD = "gnu++20";
				CLANG_ENABLE_MODULES = YES;
				CLANG_ENABLE_OBJC_ARC = YES;
				CLANG_ENABLE_OBJC_WEAK = YES;
				CLANG_WARN_BLOCK_CAPTURE_AUTORELEASING = YES;
				CLANG_WARN_BOOL_CONVERSION = YES;
				CLANG_WARN_COMMA = YES;
				CLANG_WARN_CONSTANT_CONVERSION = YES;
				CLANG_WARN_DEPRECATED_OBJC_IMPLEMENTATIONS = YES;
				CLANG_WARN_DIRECT_OBJC_ISA_USAGE = YES_ERROR;
				CLANG_WARN_DOCUMENTATION_COMMENTS = YES;
				CLANG_WARN_EMPTY_BODY = YES;
				CLANG_WARN_ENUM_CONVERSION = YES;
				CLANG_WARN_INFINITE_RECURSION = YES;
				CLANG_WARN_INT_CONVERSION = YES;
				CLANG_WARN_NON_LITERAL_NULL_CONVERSION = YES;
				CLANG_WARN_OBJC_IMPLICIT_RETAIN_SELF = YES;
				CLANG_WARN_OBJC_LITERAL_CONVERSION = YES;
				CLANG_WARN_OBJC_ROOT_CLASS = YES_ERROR;
				CLANG_WARN_QUOTED_INCLUDE_IN_FRAMEWORK_HEADER = YES;
				CLANG_WARN_RANGE_LOOP_ANALYSIS = YES;
				CLANG_WARN_STRICT_PROTOTYPES = YES;
				CLANG_WARN_SUSPICIOUS_MOVE = YES;
				CLANG_WARN_UNGUARDED_AVAILABILITY = YES_AGGRESSIVE;
				CLANG_WARN_UNREACHABLE_CODE = YES;
				CLANG_WARN__DUPLICATE_METHOD_MATCH = YES;
				COPY_PHASE_STRIP = NO;
				DEBUG_INFORMATION_FORMAT = dwarf;
				ENABLE_STRICT_OBJC_MSGSEND = YES;
				ENABLE_TESTABILITY = YES;
				ENABLE_USER_SCRIPT_SANDBOXING = YES;
				GCC_C_LANGUAGE_STANDARD = gnu17;
				GCC_DYNAMIC_NO_PIC = NO;
				GCC_NO_COMMON_BLOCKS = YES;
				GCC_OPTIMIZATION_LEVEL = 0;
				GCC_PREPROCESSOR_DEFINITIONS = (
					"DEBUG=1",
					"$(inherited)",
				);
				GCC_WARN_64_TO_32_BIT_CONVERSION = YES;
				GCC_WARN_ABOUT_RETURN_TYPE = YES_ERROR;
				GCC_WARN_UNDECLARED_SELECTOR = YES;
				GCC_WARN_UNINITIALIZED_AUTOS = YES_AGGRESSIVE;
				GCC_WARN_UNUSED_FUNCTION = YES;
				GCC_WARN_UNUSED_VARIABLE = YES;
				IPHONEOS_DEPLOYMENT_TARGET = 18.0;
				LOCALIZATION_PREFERS_STRING_CATALOGS = YES;
				MTL_ENABLE_DEBUG_INFO = INCLUDE_SOURCE;
				MTL_FAST_MATH = YES;
				ONLY_ACTIVE_ARCH = YES;
				SDKROOT = iphoneos;
				SWIFT_ACTIVE_COMPILATION_CONDITIONS = "DEBUG $(inherited)";
				SWIFT_OPTIMIZATION_LEVEL = "-Onone";
			};
			name = Debug;
		};
		C9776F3A2CAE09E200A5FE9F /* Release */ = {
			isa = XCBuildConfiguration;
			buildSettings = {
				ALWAYS_SEARCH_USER_PATHS = NO;
				ASSETCATALOG_COMPILER_GENERATE_SWIFT_ASSET_SYMBOL_EXTENSIONS = YES;
				CLANG_ANALYZER_NONNULL = YES;
				CLANG_ANALYZER_NUMBER_OBJECT_CONVERSION = YES_AGGRESSIVE;
				CLANG_CXX_LANGUAGE_STANDARD = "gnu++20";
				CLANG_ENABLE_MODULES = YES;
				CLANG_ENABLE_OBJC_ARC = YES;
				CLANG_ENABLE_OBJC_WEAK = YES;
				CLANG_WARN_BLOCK_CAPTURE_AUTORELEASING = YES;
				CLANG_WARN_BOOL_CONVERSION = YES;
				CLANG_WARN_COMMA = YES;
				CLANG_WARN_CONSTANT_CONVERSION = YES;
				CLANG_WARN_DEPRECATED_OBJC_IMPLEMENTATIONS = YES;
				CLANG_WARN_DIRECT_OBJC_ISA_USAGE = YES_ERROR;
				CLANG_WARN_DOCUMENTATION_COMMENTS = YES;
				CLANG_WARN_EMPTY_BODY = YES;
				CLANG_WARN_ENUM_CONVERSION = YES;
				CLANG_WARN_INFINITE_RECURSION = YES;
				CLANG_WARN_INT_CONVERSION = YES;
				CLANG_WARN_NON_LITERAL_NULL_CONVERSION = YES;
				CLANG_WARN_OBJC_IMPLICIT_RETAIN_SELF = YES;
				CLANG_WARN_OBJC_LITERAL_CONVERSION = YES;
				CLANG_WARN_OBJC_ROOT_CLASS = YES_ERROR;
				CLANG_WARN_QUOTED_INCLUDE_IN_FRAMEWORK_HEADER = YES;
				CLANG_WARN_RANGE_LOOP_ANALYSIS = YES;
				CLANG_WARN_STRICT_PROTOTYPES = YES;
				CLANG_WARN_SUSPICIOUS_MOVE = YES;
				CLANG_WARN_UNGUARDED_AVAILABILITY = YES_AGGRESSIVE;
				CLANG_WARN_UNREACHABLE_CODE = YES;
				CLANG_WARN__DUPLICATE_METHOD_MATCH = YES;
				COPY_PHASE_STRIP = NO;
				DEBUG_INFORMATION_FORMAT = "dwarf-with-dsym";
				ENABLE_NS_ASSERTIONS = NO;
				ENABLE_STRICT_OBJC_MSGSEND = YES;
				ENABLE_USER_SCRIPT_SANDBOXING = YES;
				GCC_C_LANGUAGE_STANDARD = gnu17;
				GCC_NO_COMMON_BLOCKS = YES;
				GCC_WARN_64_TO_32_BIT_CONVERSION = YES;
				GCC_WARN_ABOUT_RETURN_TYPE = YES_ERROR;
				GCC_WARN_UNDECLARED_SELECTOR = YES;
				GCC_WARN_UNINITIALIZED_AUTOS = YES_AGGRESSIVE;
				GCC_WARN_UNUSED_FUNCTION = YES;
				GCC_WARN_UNUSED_VARIABLE = YES;
				IPHONEOS_DEPLOYMENT_TARGET = 18.0;
				LOCALIZATION_PREFERS_STRING_CATALOGS = YES;
				MTL_ENABLE_DEBUG_INFO = NO;
				MTL_FAST_MATH = YES;
				SDKROOT = iphoneos;
				SWIFT_COMPILATION_MODE = wholemodule;
				VALIDATE_PRODUCT = YES;
			};
			name = Release;
		};
		C9776F3C2CAE09E200A5FE9F /* Debug */ = {
			isa = XCBuildConfiguration;
			buildSettings = {
				BUNDLE_LOADER = "$(TEST_HOST)";
				CODE_SIGN_STYLE = Automatic;
				CURRENT_PROJECT_VERSION = 1;
				GENERATE_INFOPLIST_FILE = YES;
				IPHONEOS_DEPLOYMENT_TARGET = 18.0;
				MARKETING_VERSION = 1.0;
				PRODUCT_BUNDLE_IDENTIFIER = nehaljhala.com.AmazonAppAssignmentTests;
				PRODUCT_NAME = "$(TARGET_NAME)";
				SWIFT_EMIT_LOC_STRINGS = NO;
				SWIFT_VERSION = 5.0;
				TARGETED_DEVICE_FAMILY = "1,2";
				TEST_HOST = "$(BUILT_PRODUCTS_DIR)/AmazonAppAssignment.app/$(BUNDLE_EXECUTABLE_FOLDER_PATH)/AmazonAppAssignment";
			};
			name = Debug;
		};
		C9776F3D2CAE09E200A5FE9F /* Release */ = {
			isa = XCBuildConfiguration;
			buildSettings = {
				BUNDLE_LOADER = "$(TEST_HOST)";
				CODE_SIGN_STYLE = Automatic;
				CURRENT_PROJECT_VERSION = 1;
				GENERATE_INFOPLIST_FILE = YES;
				IPHONEOS_DEPLOYMENT_TARGET = 18.0;
				MARKETING_VERSION = 1.0;
				PRODUCT_BUNDLE_IDENTIFIER = nehaljhala.com.AmazonAppAssignmentTests;
				PRODUCT_NAME = "$(TARGET_NAME)";
				SWIFT_EMIT_LOC_STRINGS = NO;
				SWIFT_VERSION = 5.0;
				TARGETED_DEVICE_FAMILY = "1,2";
				TEST_HOST = "$(BUILT_PRODUCTS_DIR)/AmazonAppAssignment.app/$(BUNDLE_EXECUTABLE_FOLDER_PATH)/AmazonAppAssignment";
			};
			name = Release;
		};
		C9776F3F2CAE09E200A5FE9F /* Debug */ = {
			isa = XCBuildConfiguration;
			buildSettings = {
				CODE_SIGN_STYLE = Automatic;
				CURRENT_PROJECT_VERSION = 1;
				GENERATE_INFOPLIST_FILE = YES;
				MARKETING_VERSION = 1.0;
				PRODUCT_BUNDLE_IDENTIFIER = nehaljhala.com.AmazonAppAssignmentUITests;
				PRODUCT_NAME = "$(TARGET_NAME)";
				SWIFT_EMIT_LOC_STRINGS = NO;
				SWIFT_VERSION = 5.0;
				TARGETED_DEVICE_FAMILY = "1,2";
				TEST_TARGET_NAME = AmazonAppAssignment;
			};
			name = Debug;
		};
		C9776F402CAE09E200A5FE9F /* Release */ = {
			isa = XCBuildConfiguration;
			buildSettings = {
				CODE_SIGN_STYLE = Automatic;
				CURRENT_PROJECT_VERSION = 1;
				GENERATE_INFOPLIST_FILE = YES;
				MARKETING_VERSION = 1.0;
				PRODUCT_BUNDLE_IDENTIFIER = nehaljhala.com.AmazonAppAssignmentUITests;
				PRODUCT_NAME = "$(TARGET_NAME)";
				SWIFT_EMIT_LOC_STRINGS = NO;
				SWIFT_VERSION = 5.0;
				TARGETED_DEVICE_FAMILY = "1,2";
				TEST_TARGET_NAME = AmazonAppAssignment;
			};
			name = Release;
		};
/* End XCBuildConfiguration section */

/* Begin XCConfigurationList section */
		C9776F082CAE09E000A5FE9F /* Build configuration list for PBXProject "AmazonAppAssignment" */ = {
			isa = XCConfigurationList;
			buildConfigurations = (
				C9776F392CAE09E200A5FE9F /* Debug */,
				C9776F3A2CAE09E200A5FE9F /* Release */,
			);
			defaultConfigurationIsVisible = 0;
			defaultConfigurationName = Release;
		};
		C9776F362CAE09E200A5FE9F /* Build configuration list for PBXNativeTarget "AmazonAppAssignment" */ = {
			isa = XCConfigurationList;
			buildConfigurations = (
				C9776F372CAE09E200A5FE9F /* Debug */,
				C9776F382CAE09E200A5FE9F /* Release */,
			);
			defaultConfigurationIsVisible = 0;
			defaultConfigurationName = Release;
		};
		C9776F3B2CAE09E200A5FE9F /* Build configuration list for PBXNativeTarget "AmazonAppAssignmentTests" */ = {
			isa = XCConfigurationList;
			buildConfigurations = (
				C9776F3C2CAE09E200A5FE9F /* Debug */,
				C9776F3D2CAE09E200A5FE9F /* Release */,
			);
			defaultConfigurationIsVisible = 0;
			defaultConfigurationName = Release;
		};
		C9776F3E2CAE09E200A5FE9F /* Build configuration list for PBXNativeTarget "AmazonAppAssignmentUITests" */ = {
			isa = XCConfigurationList;
			buildConfigurations = (
				C9776F3F2CAE09E200A5FE9F /* Debug */,
				C9776F402CAE09E200A5FE9F /* Release */,
			);
			defaultConfigurationIsVisible = 0;
			defaultConfigurationName = Release;
		};
/* End XCConfigurationList section */
	};
	rootObject = C9776F052CAE09E000A5FE9F /* Project object */;
}
